
Microsoft Visual Studio Solution File, Format Version 12.00
# Visual Studio Version 16
VisualStudioVersion = 16.0.29306.81
MinimumVisualStudioVersion = 10.0.40219.1
Project("{FAE04EC0-301F-11D3-BF4B-00C04F79EFBC}") = "Lab01", "Lab01\Lab01.csproj", "{C41C3B50-E0C4-406E-A049-96F89F6525D4}"
EndProject
Project("{FAE04EC0-301F-11D3-BF4B-00C04F79EFBC}") = "Boolean", "Boolean\Boolean.csproj", "{C9225246-22EC-4369-8F25-E9441D8136E2}"
EndProject
Project("{FAE04EC0-301F-11D3-BF4B-00C04F79EFBC}") = "Week4-BETA -Code", "Week4-BETA -Code\Week4-BETA -Code.csproj", "{2ACD8037-6275-4817-AACF-BE25EC24B311}"
EndProject
Global
	GlobalSection(SolutionConfigurationPlatforms) = preSolution
		Debug|Any CPU = Debug|Any CPU
		Release|Any CPU = Release|Any CPU
	EndGlobalSection
	GlobalSection(ProjectConfigurationPlatforms) = postSolution
		{C41C3B50-E0C4-406E-A049-96F89F6525D4}.Debug|Any CPU.ActiveCfg = Debug|Any CPU
		{C41C3B50-E0C4-406E-A049-96F89F6525D4}.Debug|Any CPU.Build.0 = Debug|Any CPU
		{C41C3B50-E0C4-406E-A049-96F89F6525D4}.Release|Any CPU.ActiveCfg = Release|Any CPU
		{C41C3B50-E0C4-406E-A049-96F89F6525D4}.Release|Any CPU.Build.0 = Release|Any CPU
		{C9225246-22EC-4369-8F25-E9441D8136E2}.Debug|Any CPU.ActiveCfg = Debug|Any CPU
		{C9225246-22EC-4369-8F25-E9441D8136E2}.Debug|Any CPU.Build.0 = Debug|Any CPU
		{C9225246-22EC-4369-8F25-E9441D8136E2}.Release|Any CPU.ActiveCfg = Release|Any CPU
		{C9225246-22EC-4369-8F25-E9441D8136E2}.Release|Any CPU.Build.0 = Release|Any CPU
		{2ACD8037-6275-4817-AACF-BE25EC24B311}.Debug|Any CPU.ActiveCfg = Debug|Any CPU
		{2ACD8037-6275-4817-AACF-BE25EC24B311}.Debug|Any CPU.Build.0 = Debug|Any CPU
		{2ACD8037-6275-4817-AACF-BE25EC24B311}.Release|Any CPU.ActiveCfg = Release|Any CPU
		{2ACD8037-6275-4817-AACF-BE25EC24B311}.Release|Any CPU.Build.0 = Release|Any CPU
	EndGlobalSection
	GlobalSection(SolutionProperties) = preSolution
		HideSolutionNode = FALSE
	EndGlobalSection
	GlobalSection(ExtensibilityGlobals) = postSolution
		SolutionGuid = {5F7BD521-A5C5-49CD-BE81-7E8147306A60}
	EndGlobalSection
EndGlobal
