
Microsoft Visual Studio Solution File, Format Version 12.00
# Visual Studio Version 16
VisualStudioVersion = 16.0.29306.81
MinimumVisualStudioVersion = 10.0.40219.1
Project("{FAE04EC0-301F-11D3-BF4B-00C04F79EFBC}") = "NameStudentProgram", "NameStudentProgram\NameStudentProgram.csproj", "{CEF26649-8E9F-47C1-A83D-21A1A2EF69AE}"
EndProject
Global
	GlobalSection(SolutionConfigurationPlatforms) = preSolution
		Debug|Any CPU = Debug|Any CPU
		Release|Any CPU = Release|Any CPU
	EndGlobalSection
	GlobalSection(ProjectConfigurationPlatforms) = postSolution
		{CEF26649-8E9F-47C1-A83D-21A1A2EF69AE}.Debug|Any CPU.ActiveCfg = Debug|Any CPU
		{CEF26649-8E9F-47C1-A83D-21A1A2EF69AE}.Debug|Any CPU.Build.0 = Debug|Any CPU
		{CEF26649-8E9F-47C1-A83D-21A1A2EF69AE}.Release|Any CPU.ActiveCfg = Release|Any CPU
		{CEF26649-8E9F-47C1-A83D-21A1A2EF69AE}.Release|Any CPU.Build.0 = Release|Any CPU
	EndGlobalSection
	GlobalSection(SolutionProperties) = preSolution
		HideSolutionNode = FALSE
	EndGlobalSection
	GlobalSection(ExtensibilityGlobals) = postSolution
		SolutionGuid = {A0CDEDF6-8F84-4E38-88C3-BF483E98444F}
	EndGlobalSection
EndGlobal
